
Microsoft Visual Studio Solution File, Format Version 12.00
# Visual Studio Version 17
VisualStudioVersion = 17.7.34221.43
MinimumVisualStudioVersion = 10.0.40219.1
Project("{FAE04EC0-301F-11D3-BF4B-00C04F79EFBC}") = "FrameControlKiosk", "FrameControlKiosk\FrameControlKiosk.csproj", "{AC488C6D-5CAC-4AD7-83B9-FFB4AA1F5AF7}"
EndProject
Global
	GlobalSection(SolutionConfigurationPlatforms) = preSolution
		Debug|Any CPU = Debug|Any CPU
		Release|Any CPU = Release|Any CPU
	EndGlobalSection
	GlobalSection(ProjectConfigurationPlatforms) = postSolution
		{AC488C6D-5CAC-4AD7-83B9-FFB4AA1F5AF7}.Debug|Any CPU.ActiveCfg = Debug|Any CPU
		{AC488C6D-5CAC-4AD7-83B9-FFB4AA1F5AF7}.Debug|Any CPU.Build.0 = Debug|Any CPU
		{AC488C6D-5CAC-4AD7-83B9-FFB4AA1F5AF7}.Release|Any CPU.ActiveCfg = Release|Any CPU
		{AC488C6D-5CAC-4AD7-83B9-FFB4AA1F5AF7}.Release|Any CPU.Build.0 = Release|Any CPU
	EndGlobalSection
	GlobalSection(SolutionProperties) = preSolution
		HideSolutionNode = FALSE
	EndGlobalSection
	GlobalSection(ExtensibilityGlobals) = postSolution
		SolutionGuid = {4821378D-405D-4A56-8698-7120E9A6DC65}
	EndGlobalSection
EndGlobal
